// !$*UTF8*$!
{
	archiveVersion = 1;
	classes = {
	};
	objectVersion = 55;
	objects = {

/* Begin PBXBuildFile section */
		37B3A52427F41F67004E94B7 /* main.swift in Sources */ = {isa = PBXBuildFile; fileRef = 37B3A52327F41F67004E94B7 /* main.swift */; };
/* End PBXBuildFile section */

/* Begin PBXCopyFilesBuildPhase section */
		37B3A51E27F41F67004E94B7 /* CopyFiles */ = {
			isa = PBXCopyFilesBuildPhase;
			buildActionMask = 2147483647;
			dstPath = /usr/share/man/man1/;
			dstSubfolderSpec = 0;
			files = (
			);
			runOnlyForDeploymentPostprocessing = 1;
		};
/* End PBXCopyFilesBuildPhase section */

/* Begin PBXFileReference section */
		37B3A52027F41F67004E94B7 /* 20220330_매일문법 */ = {isa = PBXFileReference; explicitFileType = "compiled.mach-o.executable"; includeInIndex = 0; path = "20220330_매일문법"; sourceTree = BUILT_PRODUCTS_DIR; };
		37B3A52327F41F67004E94B7 /* main.swift */ = {isa = PBXFileReference; lastKnownFileType = sourcecode.swift; path = main.swift; sourceTree = "<group>"; };
		37B3A52A27F4241C004E94B7 /* 타입프로퍼티.swift */ = {isa = PBXFileReference; lastKnownFileType = sourcecode.swift; path = "타입프로퍼티.swift"; sourceTree = "<group>"; };
		37B3A52C27F42507004E94B7 /* 키경로.swift */ = {isa = PBXFileReference; lastKnownFileType = sourcecode.swift; path = "키경로.swift"; sourceTree = "<group>"; };
		37B3A52F27F4279B004E94B7 /* 키경로2.swift */ = {isa = PBXFileReference; lastKnownFileType = sourcecode.swift; path = "키경로2.swift"; sourceTree = "<group>"; };
		37B3A53127F42919004E94B7 /* 인스턴스_클래스.swift */ = {isa = PBXFileReference; lastKnownFileType = sourcecode.swift; path = "인스턴스_클래스.swift"; sourceTree = "<group>"; };
		37B3A53327F42B9B004E94B7 /* 인스턴스_self.swift */ = {isa = PBXFileReference; lastKnownFileType = sourcecode.swift; path = "인스턴스_self.swift"; sourceTree = "<group>"; };
		37B3A53527F43AAE004E94B7 /* 인스턴스_함수.swift */ = {isa = PBXFileReference; lastKnownFileType = sourcecode.swift; path = "인스턴스_함수.swift"; sourceTree = "<group>"; };
		37B3A53727F4456A004E94B7 /* 타입메서드.swift */ = {isa = PBXFileReference; lastKnownFileType = sourcecode.swift; path = "타입메서드.swift"; sourceTree = "<group>"; };
/* End PBXFileReference section */

/* Begin PBXFrameworksBuildPhase section */
		37B3A51D27F41F67004E94B7 /* Frameworks */ = {
			isa = PBXFrameworksBuildPhase;
			buildActionMask = 2147483647;
			files = (
			);
			runOnlyForDeploymentPostprocessing = 0;
		};
/* End PBXFrameworksBuildPhase section */

/* Begin PBXGroup section */
		37B3A51727F41F67004E94B7 = {
			isa = PBXGroup;
			children = (
				37B3A52227F41F67004E94B7 /* 20220330_매일문법 */,
				37B3A52127F41F67004E94B7 /* Products */,
			);
			sourceTree = "<group>";
		};
		37B3A52127F41F67004E94B7 /* Products */ = {
			isa = PBXGroup;
			children = (
				37B3A52027F41F67004E94B7 /* 20220330_매일문법 */,
			);
			name = Products;
			sourceTree = "<group>";
		};
		37B3A52227F41F67004E94B7 /* 20220330_매일문법 */ = {
			isa = PBXGroup;
			children = (
				37B3A52327F41F67004E94B7 /* main.swift */,
				37B3A53727F4456A004E94B7 /* 타입메서드.swift */,
				37B3A53527F43AAE004E94B7 /* 인스턴스_함수.swift */,
				37B3A53327F42B9B004E94B7 /* 인스턴스_self.swift */,
				37B3A53127F42919004E94B7 /* 인스턴스_클래스.swift */,
				37B3A52F27F4279B004E94B7 /* 키경로2.swift */,
				37B3A52C27F42507004E94B7 /* 키경로.swift */,
				37B3A52A27F4241C004E94B7 /* 타입프로퍼티.swift */,
			);
			path = "20220330_매일문법";
			sourceTree = "<group>";
		};
/* End PBXGroup section */

/* Begin PBXNativeTarget section */
		37B3A51F27F41F67004E94B7 /* 20220330_매일문법 */ = {
			isa = PBXNativeTarget;
			buildConfigurationList = 37B3A52727F41F67004E94B7 /* Build configuration list for PBXNativeTarget "20220330_매일문법" */;
			buildPhases = (
				37B3A51C27F41F67004E94B7 /* Sources */,
				37B3A51D27F41F67004E94B7 /* Frameworks */,
				37B3A51E27F41F67004E94B7 /* CopyFiles */,
			);
			buildRules = (
			);
			dependencies = (
			);
			name = "20220330_매일문법";
			productName = "20220330_매일문법";
			productReference = 37B3A52027F41F67004E94B7 /* 20220330_매일문법 */;
			productType = "com.apple.product-type.tool";
		};
/* End PBXNativeTarget section */

/* Begin PBXProject section */
		37B3A51827F41F67004E94B7 /* Project object */ = {
			isa = PBXProject;
			attributes = {
				BuildIndependentTargetsInParallel = 1;
				LastSwiftUpdateCheck = 1310;
				LastUpgradeCheck = 1310;
				TargetAttributes = {
					37B3A51F27F41F67004E94B7 = {
						CreatedOnToolsVersion = 13.1;
					};
				};
			};
			buildConfigurationList = 37B3A51B27F41F67004E94B7 /* Build configuration list for PBXProject "20220330_매일문법" */;
			compatibilityVersion = "Xcode 13.0";
			developmentRegion = en;
			hasScannedForEncodings = 0;
			knownRegions = (
				en,
				Base,
			);
			mainGroup = 37B3A51727F41F67004E94B7;
			productRefGroup = 37B3A52127F41F67004E94B7 /* Products */;
			projectDirPath = "";
			projectRoot = "";
			targets = (
				37B3A51F27F41F67004E94B7 /* 20220330_매일문법 */,
			);
		};
/* End PBXProject section */

/* Begin PBXSourcesBuildPhase section */
		37B3A51C27F41F67004E94B7 /* Sources */ = {
			isa = PBXSourcesBuildPhase;
			buildActionMask = 2147483647;
			files = (
				37B3A52427F41F67004E94B7 /* main.swift in Sources */,
			);
			runOnlyForDeploymentPostprocessing = 0;
		};
/* End PBXSourcesBuildPhase section */

/* Begin XCBuildConfiguration section */
		37B3A52527F41F67004E94B7 /* Debug */ = {
			isa = XCBuildConfiguration;
			buildSettings = {
				ALWAYS_SEARCH_USER_PATHS = NO;
				CLANG_ANALYZER_NONNULL = YES;
				CLANG_ANALYZER_NUMBER_OBJECT_CONVERSION = YES_AGGRESSIVE;
				CLANG_CXX_LANGUAGE_STANDARD = "gnu++17";
				CLANG_CXX_LIBRARY = "libc++";
				CLANG_ENABLE_MODULES = YES;
				CLANG_ENABLE_OBJC_ARC = YES;
				CLANG_ENABLE_OBJC_WEAK = YES;
				CLANG_WARN_BLOCK_CAPTURE_AUTORELEASING = YES;
				CLANG_WARN_BOOL_CONVERSION = YES;
				CLANG_WARN_COMMA = YES;
				CLANG_WARN_CONSTANT_CONVERSION = YES;
				CLANG_WARN_DEPRECATED_OBJC_IMPLEMENTATIONS = YES;
				CLANG_WARN_DIRECT_OBJC_ISA_USAGE = YES_ERROR;
				CLANG_WARN_DOCUMENTATION_COMMENTS = YES;
				CLANG_WARN_EMPTY_BODY = YES;
				CLANG_WARN_ENUM_CONVERSION = YES;
				CLANG_WARN_INFINITE_RECURSION = YES;
				CLANG_WARN_INT_CONVERSION = YES;
				CLANG_WARN_NON_LITERAL_NULL_CONVERSION = YES;
				CLANG_WARN_OBJC_IMPLICIT_RETAIN_SELF = YES;
				CLANG_WARN_OBJC_LITERAL_CONVERSION = YES;
				CLANG_WARN_OBJC_ROOT_CLASS = YES_ERROR;
				CLANG_WARN_QUOTED_INCLUDE_IN_FRAMEWORK_HEADER = YES;
				CLANG_WARN_RANGE_LOOP_ANALYSIS = YES;
				CLANG_WARN_STRICT_PROTOTYPES = YES;
				CLANG_WARN_SUSPICIOUS_MOVE = YES;
				CLANG_WARN_UNGUARDED_AVAILABILITY = YES_AGGRESSIVE;
				CLANG_WARN_UNREACHABLE_CODE = YES;
				CLANG_WARN__DUPLICATE_METHOD_MATCH = YES;
				COPY_PHASE_STRIP = NO;
				DEBUG_INFORMATION_FORMAT = dwarf;
				ENABLE_STRICT_OBJC_MSGSEND = YES;
				ENABLE_TESTABILITY = YES;
				GCC_C_LANGUAGE_STANDARD = gnu11;
				GCC_DYNAMIC_NO_PIC = NO;
				GCC_NO_COMMON_BLOCKS = YES;
				GCC_OPTIMIZATION_LEVEL = 0;
				GCC_PREPROCESSOR_DEFINITIONS = (
					"DEBUG=1",
					"$(inherited)",
				);
				GCC_WARN_64_TO_32_BIT_CONVERSION = YES;
				GCC_WARN_ABOUT_RETURN_TYPE = YES_ERROR;
				GCC_WARN_UNDECLARED_SELECTOR = YES;
				GCC_WARN_UNINITIALIZED_AUTOS = YES_AGGRESSIVE;
				GCC_WARN_UNUSED_FUNCTION = YES;
				GCC_WARN_UNUSED_VARIABLE = YES;
				MACOSX_DEPLOYMENT_TARGET = 12.0;
				MTL_ENABLE_DEBUG_INFO = INCLUDE_SOURCE;
				MTL_FAST_MATH = YES;
				ONLY_ACTIVE_ARCH = YES;
				SDKROOT = macosx;
				SWIFT_ACTIVE_COMPILATION_CONDITIONS = DEBUG;
				SWIFT_OPTIMIZATION_LEVEL = "-Onone";
			};
			name = Debug;
		};
		37B3A52627F41F67004E94B7 /* Release */ = {
			isa = XCBuildConfiguration;
			buildSettings = {
				ALWAYS_SEARCH_USER_PATHS = NO;
				CLANG_ANALYZER_NONNULL = YES;
				CLANG_ANALYZER_NUMBER_OBJECT_CONVERSION = YES_AGGRESSIVE;
				CLANG_CXX_LANGUAGE_STANDARD = "gnu++17";
				CLANG_CXX_LIBRARY = "libc++";
				CLANG_ENABLE_MODULES = YES;
				CLANG_ENABLE_OBJC_ARC = YES;
				CLANG_ENABLE_OBJC_WEAK = YES;
				CLANG_WARN_BLOCK_CAPTURE_AUTORELEASING = YES;
				CLANG_WARN_BOOL_CONVERSION = YES;
				CLANG_WARN_COMMA = YES;
				CLANG_WARN_CONSTANT_CONVERSION = YES;
				CLANG_WARN_DEPRECATED_OBJC_IMPLEMENTATIONS = YES;
				CLANG_WARN_DIRECT_OBJC_ISA_USAGE = YES_ERROR;
				CLANG_WARN_DOCUMENTATION_COMMENTS = YES;
				CLANG_WARN_EMPTY_BODY = YES;
				CLANG_WARN_ENUM_CONVERSION = YES;
				CLANG_WARN_INFINITE_RECURSION = YES;
				CLANG_WARN_INT_CONVERSION = YES;
				CLANG_WARN_NON_LITERAL_NULL_CONVERSION = YES;
				CLANG_WARN_OBJC_IMPLICIT_RETAIN_SELF = YES;
				CLANG_WARN_OBJC_LITERAL_CONVERSION = YES;
				CLANG_WARN_OBJC_ROOT_CLASS = YES_ERROR;
				CLANG_WARN_QUOTED_INCLUDE_IN_FRAMEWORK_HEADER = YES;
				CLANG_WARN_RANGE_LOOP_ANALYSIS = YES;
				CLANG_WARN_STRICT_PROTOTYPES = YES;
				CLANG_WARN_SUSPICIOUS_MOVE = YES;
				CLANG_WARN_UNGUARDED_AVAILABILITY = YES_AGGRESSIVE;
				CLANG_WARN_UNREACHABLE_CODE = YES;
				CLANG_WARN__DUPLICATE_METHOD_MATCH = YES;
				COPY_PHASE_STRIP = NO;
				DEBUG_INFORMATION_FORMAT = "dwarf-with-dsym";
				ENABLE_NS_ASSERTIONS = NO;
				ENABLE_STRICT_OBJC_MSGSEND = YES;
				GCC_C_LANGUAGE_STANDARD = gnu11;
				GCC_NO_COMMON_BLOCKS = YES;
				GCC_WARN_64_TO_32_BIT_CONVERSION = YES;
				GCC_WARN_ABOUT_RETURN_TYPE = YES_ERROR;
				GCC_WARN_UNDECLARED_SELECTOR = YES;
				GCC_WARN_UNINITIALIZED_AUTOS = YES_AGGRESSIVE;
				GCC_WARN_UNUSED_FUNCTION = YES;
				GCC_WARN_UNUSED_VARIABLE = YES;
				MACOSX_DEPLOYMENT_TARGET = 12.0;
				MTL_ENABLE_DEBUG_INFO = NO;
				MTL_FAST_MATH = YES;
				SDKROOT = macosx;
				SWIFT_COMPILATION_MODE = wholemodule;
				SWIFT_OPTIMIZATION_LEVEL = "-O";
			};
			name = Release;
		};
		37B3A52827F41F67004E94B7 /* Debug */ = {
			isa = XCBuildConfiguration;
			buildSettings = {
				CODE_SIGN_STYLE = Automatic;
				DEVELOPMENT_TEAM = H2FTMY38H7;
				ENABLE_HARDENED_RUNTIME = YES;
				PRODUCT_NAME = "$(TARGET_NAME)";
				SWIFT_VERSION = 5.0;
			};
			name = Debug;
		};
		37B3A52927F41F67004E94B7 /* Release */ = {
			isa = XCBuildConfiguration;
			buildSettings = {
				CODE_SIGN_STYLE = Automatic;
				DEVELOPMENT_TEAM = H2FTMY38H7;
				ENABLE_HARDENED_RUNTIME = YES;
				PRODUCT_NAME = "$(TARGET_NAME)";
				SWIFT_VERSION = 5.0;
			};
			name = Release;
		};
/* End XCBuildConfiguration section */

/* Begin XCConfigurationList section */
		37B3A51B27F41F67004E94B7 /* Build configuration list for PBXProject "20220330_매일문법" */ = {
			isa = XCConfigurationList;
			buildConfigurations = (
				37B3A52527F41F67004E94B7 /* Debug */,
				37B3A52627F41F67004E94B7 /* Release */,
			);
			defaultConfigurationIsVisible = 0;
			defaultConfigurationName = Release;
		};
		37B3A52727F41F67004E94B7 /* Build configuration list for PBXNativeTarget "20220330_매일문법" */ = {
			isa = XCConfigurationList;
			buildConfigurations = (
				37B3A52827F41F67004E94B7 /* Debug */,
				37B3A52927F41F67004E94B7 /* Release */,
			);
			defaultConfigurationIsVisible = 0;
			defaultConfigurationName = Release;
		};
/* End XCConfigurationList section */
	};
	rootObject = 37B3A51827F41F67004E94B7 /* Project object */;
}
