// !$*UTF8*$!
{
	archiveVersion = 1;
	classes = {
	};
	objectVersion = 55;
	objects = {

/* Begin PBXBuildFile section */
		37E87DA427F2DC88003AA14E /* main.swift in Sources */ = {isa = PBXBuildFile; fileRef = 37E87DA327F2DC88003AA14E /* main.swift */; };
/* End PBXBuildFile section */

/* Begin PBXCopyFilesBuildPhase section */
		37E87D9E27F2DC88003AA14E /* CopyFiles */ = {
			isa = PBXCopyFilesBuildPhase;
			buildActionMask = 2147483647;
			dstPath = /usr/share/man/man1/;
			dstSubfolderSpec = 0;
			files = (
			);
			runOnlyForDeploymentPostprocessing = 1;
		};
/* End PBXCopyFilesBuildPhase section */

/* Begin PBXFileReference section */
		37E87DA027F2DC88003AA14E /* 20220329_매일문법 */ = {isa = PBXFileReference; explicitFileType = "compiled.mach-o.executable"; includeInIndex = 0; path = "20220329_매일문법"; sourceTree = BUILT_PRODUCTS_DIR; };
		37E87DA327F2DC88003AA14E /* main.swift */ = {isa = PBXFileReference; lastKnownFileType = sourcecode.swift; path = main.swift; sourceTree = "<group>"; };
		37E87DAA27F2E14D003AA14E /* 클래스구조체기초.swift */ = {isa = PBXFileReference; lastKnownFileType = sourcecode.swift; path = "클래스구조체기초.swift"; sourceTree = "<group>"; };
		37E87DAC27F2E86E003AA14E /* 값참조타입.swift */ = {isa = PBXFileReference; lastKnownFileType = sourcecode.swift; path = "값참조타입.swift"; sourceTree = "<group>"; };
		37E87DAE27F2F06E003AA14E /* 저장프로퍼티.swift */ = {isa = PBXFileReference; lastKnownFileType = sourcecode.swift; path = "저장프로퍼티.swift"; sourceTree = "<group>"; };
		37E87DB027F2F372003AA14E /* 저장프로퍼티초기값.swift */ = {isa = PBXFileReference; lastKnownFileType = sourcecode.swift; path = "저장프로퍼티초기값.swift"; sourceTree = "<group>"; };
		37E87DB227F2FF72003AA14E /* 지연저장프로퍼티.swift */ = {isa = PBXFileReference; lastKnownFileType = sourcecode.swift; path = "지연저장프로퍼티.swift"; sourceTree = "<group>"; };
		37E87DB427F31D4F003AA14E /* 연산프로퍼티.swift */ = {isa = PBXFileReference; lastKnownFileType = sourcecode.swift; path = "연산프로퍼티.swift"; sourceTree = "<group>"; };
		37E87DB627F3496C003AA14E /* 변수willset.swift */ = {isa = PBXFileReference; lastKnownFileType = sourcecode.swift; path = "변수willset.swift"; sourceTree = "<group>"; };
/* End PBXFileReference section */

/* Begin PBXFrameworksBuildPhase section */
		37E87D9D27F2DC88003AA14E /* Frameworks */ = {
			isa = PBXFrameworksBuildPhase;
			buildActionMask = 2147483647;
			files = (
			);
			runOnlyForDeploymentPostprocessing = 0;
		};
/* End PBXFrameworksBuildPhase section */

/* Begin PBXGroup section */
		37E87D9727F2DC88003AA14E = {
			isa = PBXGroup;
			children = (
				37E87DA227F2DC88003AA14E /* 20220329_매일문법 */,
				37E87DA127F2DC88003AA14E /* Products */,
			);
			sourceTree = "<group>";
		};
		37E87DA127F2DC88003AA14E /* Products */ = {
			isa = PBXGroup;
			children = (
				37E87DA027F2DC88003AA14E /* 20220329_매일문법 */,
			);
			name = Products;
			sourceTree = "<group>";
		};
		37E87DA227F2DC88003AA14E /* 20220329_매일문법 */ = {
			isa = PBXGroup;
			children = (
				37E87DA327F2DC88003AA14E /* main.swift */,
				37E87DB627F3496C003AA14E /* 변수willset.swift */,
				37E87DB427F31D4F003AA14E /* 연산프로퍼티.swift */,
				37E87DB227F2FF72003AA14E /* 지연저장프로퍼티.swift */,
				37E87DB027F2F372003AA14E /* 저장프로퍼티초기값.swift */,
				37E87DAE27F2F06E003AA14E /* 저장프로퍼티.swift */,
				37E87DAC27F2E86E003AA14E /* 값참조타입.swift */,
				37E87DAA27F2E14D003AA14E /* 클래스구조체기초.swift */,
			);
			path = "20220329_매일문법";
			sourceTree = "<group>";
		};
/* End PBXGroup section */

/* Begin PBXNativeTarget section */
		37E87D9F27F2DC88003AA14E /* 20220329_매일문법 */ = {
			isa = PBXNativeTarget;
			buildConfigurationList = 37E87DA727F2DC88003AA14E /* Build configuration list for PBXNativeTarget "20220329_매일문법" */;
			buildPhases = (
				37E87D9C27F2DC88003AA14E /* Sources */,
				37E87D9D27F2DC88003AA14E /* Frameworks */,
				37E87D9E27F2DC88003AA14E /* CopyFiles */,
			);
			buildRules = (
			);
			dependencies = (
			);
			name = "20220329_매일문법";
			productName = "20220329_매일문법";
			productReference = 37E87DA027F2DC88003AA14E /* 20220329_매일문법 */;
			productType = "com.apple.product-type.tool";
		};
/* End PBXNativeTarget section */

/* Begin PBXProject section */
		37E87D9827F2DC88003AA14E /* Project object */ = {
			isa = PBXProject;
			attributes = {
				BuildIndependentTargetsInParallel = 1;
				LastSwiftUpdateCheck = 1310;
				LastUpgradeCheck = 1310;
				TargetAttributes = {
					37E87D9F27F2DC88003AA14E = {
						CreatedOnToolsVersion = 13.1;
					};
				};
			};
			buildConfigurationList = 37E87D9B27F2DC88003AA14E /* Build configuration list for PBXProject "20220329_매일문법" */;
			compatibilityVersion = "Xcode 13.0";
			developmentRegion = en;
			hasScannedForEncodings = 0;
			knownRegions = (
				en,
				Base,
			);
			mainGroup = 37E87D9727F2DC88003AA14E;
			productRefGroup = 37E87DA127F2DC88003AA14E /* Products */;
			projectDirPath = "";
			projectRoot = "";
			targets = (
				37E87D9F27F2DC88003AA14E /* 20220329_매일문법 */,
			);
		};
/* End PBXProject section */

/* Begin PBXSourcesBuildPhase section */
		37E87D9C27F2DC88003AA14E /* Sources */ = {
			isa = PBXSourcesBuildPhase;
			buildActionMask = 2147483647;
			files = (
				37E87DA427F2DC88003AA14E /* main.swift in Sources */,
			);
			runOnlyForDeploymentPostprocessing = 0;
		};
/* End PBXSourcesBuildPhase section */

/* Begin XCBuildConfiguration section */
		37E87DA527F2DC88003AA14E /* Debug */ = {
			isa = XCBuildConfiguration;
			buildSettings = {
				ALWAYS_SEARCH_USER_PATHS = NO;
				CLANG_ANALYZER_NONNULL = YES;
				CLANG_ANALYZER_NUMBER_OBJECT_CONVERSION = YES_AGGRESSIVE;
				CLANG_CXX_LANGUAGE_STANDARD = "gnu++17";
				CLANG_CXX_LIBRARY = "libc++";
				CLANG_ENABLE_MODULES = YES;
				CLANG_ENABLE_OBJC_ARC = YES;
				CLANG_ENABLE_OBJC_WEAK = YES;
				CLANG_WARN_BLOCK_CAPTURE_AUTORELEASING = YES;
				CLANG_WARN_BOOL_CONVERSION = YES;
				CLANG_WARN_COMMA = YES;
				CLANG_WARN_CONSTANT_CONVERSION = YES;
				CLANG_WARN_DEPRECATED_OBJC_IMPLEMENTATIONS = YES;
				CLANG_WARN_DIRECT_OBJC_ISA_USAGE = YES_ERROR;
				CLANG_WARN_DOCUMENTATION_COMMENTS = YES;
				CLANG_WARN_EMPTY_BODY = YES;
				CLANG_WARN_ENUM_CONVERSION = YES;
				CLANG_WARN_INFINITE_RECURSION = YES;
				CLANG_WARN_INT_CONVERSION = YES;
				CLANG_WARN_NON_LITERAL_NULL_CONVERSION = YES;
				CLANG_WARN_OBJC_IMPLICIT_RETAIN_SELF = YES;
				CLANG_WARN_OBJC_LITERAL_CONVERSION = YES;
				CLANG_WARN_OBJC_ROOT_CLASS = YES_ERROR;
				CLANG_WARN_QUOTED_INCLUDE_IN_FRAMEWORK_HEADER = YES;
				CLANG_WARN_RANGE_LOOP_ANALYSIS = YES;
				CLANG_WARN_STRICT_PROTOTYPES = YES;
				CLANG_WARN_SUSPICIOUS_MOVE = YES;
				CLANG_WARN_UNGUARDED_AVAILABILITY = YES_AGGRESSIVE;
				CLANG_WARN_UNREACHABLE_CODE = YES;
				CLANG_WARN__DUPLICATE_METHOD_MATCH = YES;
				COPY_PHASE_STRIP = NO;
				DEBUG_INFORMATION_FORMAT = dwarf;
				ENABLE_STRICT_OBJC_MSGSEND = YES;
				ENABLE_TESTABILITY = YES;
				GCC_C_LANGUAGE_STANDARD = gnu11;
				GCC_DYNAMIC_NO_PIC = NO;
				GCC_NO_COMMON_BLOCKS = YES;
				GCC_OPTIMIZATION_LEVEL = 0;
				GCC_PREPROCESSOR_DEFINITIONS = (
					"DEBUG=1",
					"$(inherited)",
				);
				GCC_WARN_64_TO_32_BIT_CONVERSION = YES;
				GCC_WARN_ABOUT_RETURN_TYPE = YES_ERROR;
				GCC_WARN_UNDECLARED_SELECTOR = YES;
				GCC_WARN_UNINITIALIZED_AUTOS = YES_AGGRESSIVE;
				GCC_WARN_UNUSED_FUNCTION = YES;
				GCC_WARN_UNUSED_VARIABLE = YES;
				MACOSX_DEPLOYMENT_TARGET = 12.0;
				MTL_ENABLE_DEBUG_INFO = INCLUDE_SOURCE;
				MTL_FAST_MATH = YES;
				ONLY_ACTIVE_ARCH = YES;
				SDKROOT = macosx;
				SWIFT_ACTIVE_COMPILATION_CONDITIONS = DEBUG;
				SWIFT_OPTIMIZATION_LEVEL = "-Onone";
			};
			name = Debug;
		};
		37E87DA627F2DC88003AA14E /* Release */ = {
			isa = XCBuildConfiguration;
			buildSettings = {
				ALWAYS_SEARCH_USER_PATHS = NO;
				CLANG_ANALYZER_NONNULL = YES;
				CLANG_ANALYZER_NUMBER_OBJECT_CONVERSION = YES_AGGRESSIVE;
				CLANG_CXX_LANGUAGE_STANDARD = "gnu++17";
				CLANG_CXX_LIBRARY = "libc++";
				CLANG_ENABLE_MODULES = YES;
				CLANG_ENABLE_OBJC_ARC = YES;
				CLANG_ENABLE_OBJC_WEAK = YES;
				CLANG_WARN_BLOCK_CAPTURE_AUTORELEASING = YES;
				CLANG_WARN_BOOL_CONVERSION = YES;
				CLANG_WARN_COMMA = YES;
				CLANG_WARN_CONSTANT_CONVERSION = YES;
				CLANG_WARN_DEPRECATED_OBJC_IMPLEMENTATIONS = YES;
				CLANG_WARN_DIRECT_OBJC_ISA_USAGE = YES_ERROR;
				CLANG_WARN_DOCUMENTATION_COMMENTS = YES;
				CLANG_WARN_EMPTY_BODY = YES;
				CLANG_WARN_ENUM_CONVERSION = YES;
				CLANG_WARN_INFINITE_RECURSION = YES;
				CLANG_WARN_INT_CONVERSION = YES;
				CLANG_WARN_NON_LITERAL_NULL_CONVERSION = YES;
				CLANG_WARN_OBJC_IMPLICIT_RETAIN_SELF = YES;
				CLANG_WARN_OBJC_LITERAL_CONVERSION = YES;
				CLANG_WARN_OBJC_ROOT_CLASS = YES_ERROR;
				CLANG_WARN_QUOTED_INCLUDE_IN_FRAMEWORK_HEADER = YES;
				CLANG_WARN_RANGE_LOOP_ANALYSIS = YES;
				CLANG_WARN_STRICT_PROTOTYPES = YES;
				CLANG_WARN_SUSPICIOUS_MOVE = YES;
				CLANG_WARN_UNGUARDED_AVAILABILITY = YES_AGGRESSIVE;
				CLANG_WARN_UNREACHABLE_CODE = YES;
				CLANG_WARN__DUPLICATE_METHOD_MATCH = YES;
				COPY_PHASE_STRIP = NO;
				DEBUG_INFORMATION_FORMAT = "dwarf-with-dsym";
				ENABLE_NS_ASSERTIONS = NO;
				ENABLE_STRICT_OBJC_MSGSEND = YES;
				GCC_C_LANGUAGE_STANDARD = gnu11;
				GCC_NO_COMMON_BLOCKS = YES;
				GCC_WARN_64_TO_32_BIT_CONVERSION = YES;
				GCC_WARN_ABOUT_RETURN_TYPE = YES_ERROR;
				GCC_WARN_UNDECLARED_SELECTOR = YES;
				GCC_WARN_UNINITIALIZED_AUTOS = YES_AGGRESSIVE;
				GCC_WARN_UNUSED_FUNCTION = YES;
				GCC_WARN_UNUSED_VARIABLE = YES;
				MACOSX_DEPLOYMENT_TARGET = 12.0;
				MTL_ENABLE_DEBUG_INFO = NO;
				MTL_FAST_MATH = YES;
				SDKROOT = macosx;
				SWIFT_COMPILATION_MODE = wholemodule;
				SWIFT_OPTIMIZATION_LEVEL = "-O";
			};
			name = Release;
		};
		37E87DA827F2DC88003AA14E /* Debug */ = {
			isa = XCBuildConfiguration;
			buildSettings = {
				CODE_SIGN_STYLE = Automatic;
				DEVELOPMENT_TEAM = H2FTMY38H7;
				ENABLE_HARDENED_RUNTIME = YES;
				PRODUCT_NAME = "$(TARGET_NAME)";
				SWIFT_VERSION = 5.0;
			};
			name = Debug;
		};
		37E87DA927F2DC88003AA14E /* Release */ = {
			isa = XCBuildConfiguration;
			buildSettings = {
				CODE_SIGN_STYLE = Automatic;
				DEVELOPMENT_TEAM = H2FTMY38H7;
				ENABLE_HARDENED_RUNTIME = YES;
				PRODUCT_NAME = "$(TARGET_NAME)";
				SWIFT_VERSION = 5.0;
			};
			name = Release;
		};
/* End XCBuildConfiguration section */

/* Begin XCConfigurationList section */
		37E87D9B27F2DC88003AA14E /* Build configuration list for PBXProject "20220329_매일문법" */ = {
			isa = XCConfigurationList;
			buildConfigurations = (
				37E87DA527F2DC88003AA14E /* Debug */,
				37E87DA627F2DC88003AA14E /* Release */,
			);
			defaultConfigurationIsVisible = 0;
			defaultConfigurationName = Release;
		};
		37E87DA727F2DC88003AA14E /* Build configuration list for PBXNativeTarget "20220329_매일문법" */ = {
			isa = XCConfigurationList;
			buildConfigurations = (
				37E87DA827F2DC88003AA14E /* Debug */,
				37E87DA927F2DC88003AA14E /* Release */,
			);
			defaultConfigurationIsVisible = 0;
			defaultConfigurationName = Release;
		};
/* End XCConfigurationList section */
	};
	rootObject = 37E87D9827F2DC88003AA14E /* Project object */;
}
